{
  "name": "@aubrgin/gin-app-json",
  "version": "0.1.0",
  "lockfileVersion": 1,
  "requires": true,
  "dependencies": {
    "@aubrgin/gin-components": {
      "version": "0.2.0",
      "resolved": "https://registry.npmjs.org/@aubrgin/gin-components/-/gin-components-0.2.0.tgz",
      "integrity": "sha512-plyfKTL1/fgZjsmnlz7dqfKmLR2mpTFOhWgc3WPWI/0zWl+L4qJL7lwloXIB6Z6sSS9mTL+mp+uF3ED6pHfOnA==",
      "requires": {
        "@aubrgin/gin-fs": "^0.1.2",
        "core-js": "^2.6.5",
        "vue": "^2.6.10"
      },
      "dependencies": {
        "@aubrgin/gin-fs": {
          "version": "0.1.3",
          "resolved": "https://registry.npmjs.org/@aubrgin/gin-fs/-/gin-fs-0.1.3.tgz",
          "integrity": "sha512-dxPoSBhKbIMOgPOTwwcNn3jZ/dwwe6dKGhOZqHOdTDZjp3TnRWo9JQql2AKKFiRESOX7rITfRf/qvOAyGl2G4w=="
        },
        "core-js": {
          "version": "2.6.10",
          "resolved": "https://registry.npmjs.org/core-js/-/core-js-2.6.10.tgz",
          "integrity": "sha512-I39t74+4t+zau64EN1fE5v2W31Adtc/REhzWN+gWRRXg6WH5qAsZm62DHpQ1+Yhe4047T55jvzz7MUqF/dBBlA=="
        },
        "vue": {
          "version": "2.6.10",
          "resolved": "https://registry.npmjs.org/vue/-/vue-2.6.10.tgz",
          "integrity": "sha512-ImThpeNU9HbdZL3utgMCq0oiMzAkt1mcgy3/E6zWC/G6AaQoeuFdsl9nDhTDU3X1R6FK7nsIUuRACVcjI+A2GQ=="
        }
      }
    }
  }
}
